{
  "name": "icons-ppg-ufrgs",
  "version": "1.0.0",
  "lockfileVersion": 2,
  "requires": true,
  "packages": {
    "": {
      "name": "icons-ppg-ufrgs",
      "version": "1.0.0",
      "license": "ISC",
      "dependencies": {
        "svg-icon-sprite": "^1.1.1"
      },
      "devDependencies": {
        "minimist": "^1.2.6"
      }
    },
    "node_modules/minimist": {
      "version": "1.2.6",
      "resolved": "https://registry.npmjs.org/minimist/-/minimist-1.2.6.tgz",
      "integrity": "sha512-Jsjnk4bw3YJqYzbdyBiNsPWHPfO++UGG749Cxs6peCu5Xg4nrena6OVxOYxrQTqww0Jmwt+Ref8rggumkTLz9Q==",
      "dev": true
    },
    "node_modules/svg-icon-sprite": {
      "version": "1.1.1",
      "resolved": "https://registry.npmjs.org/svg-icon-sprite/-/svg-icon-sprite-1.1.1.tgz",
      "integrity": "sha512-hxGQ5Z/QfNAs7FWuYbulLngmlwWmf64P8J/l859pCkbAtCMu8s5hoh23DvTxM6wCCyL7ORSiqQm5UV7B+5Tu1A==",
      "bin": {
        "svg-icon-generate": "scripts/cli.js"
      }
    }
  },
  "dependencies": {
    "minimist": {
      "version": "1.2.6",
      "resolved": "https://registry.npmjs.org/minimist/-/minimist-1.2.6.tgz",
      "integrity": "sha512-Jsjnk4bw3YJqYzbdyBiNsPWHPfO++UGG749Cxs6peCu5Xg4nrena6OVxOYxrQTqww0Jmwt+Ref8rggumkTLz9Q==",
      "dev": true
    },
    "svg-icon-sprite": {
      "version": "1.1.1",
      "resolved": "https://registry.npmjs.org/svg-icon-sprite/-/svg-icon-sprite-1.1.1.tgz",
      "integrity": "sha512-hxGQ5Z/QfNAs7FWuYbulLngmlwWmf64P8J/l859pCkbAtCMu8s5hoh23DvTxM6wCCyL7ORSiqQm5UV7B+5Tu1A=="
    }
  }
}
